{
  "nodes": {
    "nixpkgs": {
      "locked": {
        "lastModified": 1621485532,
        "narHash": "sha256-bnXrJi7PYY+KuNqPh1hjfMyLqG6QbJlW+Gl3Jl+EPj8=",
        "owner": "NixOS",
        "repo": "nixpkgs",
        "rev": "b34ab9683cee9f51dfe2ad97bc5632d2e3683bd4",
        "type": "github"
      },
      "original": {
        "owner": "NixOS",
        "repo": "nixpkgs",
        "type": "github"
      }
    },
    "root": {
      "inputs": {
        "nixpkgs": "nixpkgs",
        "utils": "utils"
      }
    },
    "utils": {
      "locked": {
        "lastModified": 1620759905,
        "narHash": "sha256-WiyWawrgmyN0EdmiHyG2V+fqReiVi8bM9cRdMaKQOFg=",
        "owner": "numtide",
        "repo": "flake-utils",
        "rev": "b543720b25df6ffdfcf9227afafc5b8c1fabfae8",
        "type": "github"
      },
      "original": {
        "owner": "numtide",
        "repo": "flake-utils",
        "type": "github"
      }
    }
  },
  "root": "root",
  "version": 7
}
